
Microsoft Visual Studio Solution File, Format Version 12.00
# Visual Studio Version 16
VisualStudioVersion = 16.0.29123.88
MinimumVisualStudioVersion = 10.0.40219.1
Project("{9A19103F-16F7-4668-BE54-9A1E7A4F7556}") = "Api", "Api\Api.csproj", "{5F9A18D6-23E0-4C44-B85C-1DC1E6FD2651}"
EndProject
Project("{9A19103F-16F7-4668-BE54-9A1E7A4F7556}") = "Domain", "Domain\Domain.csproj", "{C653F32D-C97A-45DD-93F0-6EB06CCF73CF}"
EndProject
Project("{9A19103F-16F7-4668-BE54-9A1E7A4F7556}") = "Application", "Application\Application.csproj", "{1CFCFF98-EE69-4FD7-8DD5-ED96DC36D271}"
EndProject
Project("{9A19103F-16F7-4668-BE54-9A1E7A4F7556}") = "Domain.Core", "Domain.Core\Domain.Core.csproj", "{8440277A-037D-44E3-B861-84A99B30C109}"
EndProject
Project("{9A19103F-16F7-4668-BE54-9A1E7A4F7556}") = "Tests", "Tests\Tests.csproj", "{47797CE8-C6D5-4316-8585-5DABE9DA6B85}"
EndProject
Project("{9A19103F-16F7-4668-BE54-9A1E7A4F7556}") = "Infrastructure", "Infrastructure\Infrastructure.csproj", "{3E65DBD2-C4E4-4D7F-BC0B-9DDDB2021357}"
EndProject
Project("{9A19103F-16F7-4668-BE54-9A1E7A4F7556}") = "Common", "Common\Common.csproj", "{F199652E-383D-4DC4-BED5-47ED2CD34ED0}"
EndProject
Global
	GlobalSection(SolutionConfigurationPlatforms) = preSolution
		Debug|Any CPU = Debug|Any CPU
		Release|Any CPU = Release|Any CPU
	EndGlobalSection
	GlobalSection(ProjectConfigurationPlatforms) = postSolution
		{5F9A18D6-23E0-4C44-B85C-1DC1E6FD2651}.Debug|Any CPU.ActiveCfg = Debug|Any CPU
		{5F9A18D6-23E0-4C44-B85C-1DC1E6FD2651}.Debug|Any CPU.Build.0 = Debug|Any CPU
		{5F9A18D6-23E0-4C44-B85C-1DC1E6FD2651}.Release|Any CPU.ActiveCfg = Release|Any CPU
		{5F9A18D6-23E0-4C44-B85C-1DC1E6FD2651}.Release|Any CPU.Build.0 = Release|Any CPU
		{C653F32D-C97A-45DD-93F0-6EB06CCF73CF}.Debug|Any CPU.ActiveCfg = Debug|Any CPU
		{C653F32D-C97A-45DD-93F0-6EB06CCF73CF}.Debug|Any CPU.Build.0 = Debug|Any CPU
		{C653F32D-C97A-45DD-93F0-6EB06CCF73CF}.Release|Any CPU.ActiveCfg = Release|Any CPU
		{C653F32D-C97A-45DD-93F0-6EB06CCF73CF}.Release|Any CPU.Build.0 = Release|Any CPU
		{1CFCFF98-EE69-4FD7-8DD5-ED96DC36D271}.Debug|Any CPU.ActiveCfg = Debug|Any CPU
		{1CFCFF98-EE69-4FD7-8DD5-ED96DC36D271}.Debug|Any CPU.Build.0 = Debug|Any CPU
		{1CFCFF98-EE69-4FD7-8DD5-ED96DC36D271}.Release|Any CPU.ActiveCfg = Release|Any CPU
		{1CFCFF98-EE69-4FD7-8DD5-ED96DC36D271}.Release|Any CPU.Build.0 = Release|Any CPU
		{8440277A-037D-44E3-B861-84A99B30C109}.Debug|Any CPU.ActiveCfg = Debug|Any CPU
		{8440277A-037D-44E3-B861-84A99B30C109}.Debug|Any CPU.Build.0 = Debug|Any CPU
		{8440277A-037D-44E3-B861-84A99B30C109}.Release|Any CPU.ActiveCfg = Release|Any CPU
		{8440277A-037D-44E3-B861-84A99B30C109}.Release|Any CPU.Build.0 = Release|Any CPU
		{47797CE8-C6D5-4316-8585-5DABE9DA6B85}.Debug|Any CPU.ActiveCfg = Debug|Any CPU
		{47797CE8-C6D5-4316-8585-5DABE9DA6B85}.Debug|Any CPU.Build.0 = Debug|Any CPU
		{47797CE8-C6D5-4316-8585-5DABE9DA6B85}.Release|Any CPU.ActiveCfg = Release|Any CPU
		{47797CE8-C6D5-4316-8585-5DABE9DA6B85}.Release|Any CPU.Build.0 = Release|Any CPU
		{3E65DBD2-C4E4-4D7F-BC0B-9DDDB2021357}.Debug|Any CPU.ActiveCfg = Debug|Any CPU
		{3E65DBD2-C4E4-4D7F-BC0B-9DDDB2021357}.Debug|Any CPU.Build.0 = Debug|Any CPU
		{3E65DBD2-C4E4-4D7F-BC0B-9DDDB2021357}.Release|Any CPU.ActiveCfg = Release|Any CPU
		{3E65DBD2-C4E4-4D7F-BC0B-9DDDB2021357}.Release|Any CPU.Build.0 = Release|Any CPU
		{F199652E-383D-4DC4-BED5-47ED2CD34ED0}.Debug|Any CPU.ActiveCfg = Debug|Any CPU
		{F199652E-383D-4DC4-BED5-47ED2CD34ED0}.Debug|Any CPU.Build.0 = Debug|Any CPU
		{F199652E-383D-4DC4-BED5-47ED2CD34ED0}.Release|Any CPU.ActiveCfg = Release|Any CPU
		{F199652E-383D-4DC4-BED5-47ED2CD34ED0}.Release|Any CPU.Build.0 = Release|Any CPU
	EndGlobalSection
	GlobalSection(SolutionProperties) = preSolution
		HideSolutionNode = FALSE
	EndGlobalSection
	GlobalSection(ExtensibilityGlobals) = postSolution
		SolutionGuid = {C297F136-6033-441B-BEF2-CD76FCB459B9}
	EndGlobalSection
EndGlobal
